
Microsoft Visual Studio Solution File, Format Version 12.00
# Visual Studio Version 16
VisualStudioVersion = 16.0.29009.5
MinimumVisualStudioVersion = 10.0.40219.1
Project("{FAE04EC0-301F-11D3-BF4B-00C04F79EFBC}") = "Murresanasto", "Murresanasto.csproj", "{5679510C-22D4-482A-AB6F-1F23DCBB7762}"
EndProject
Global
	GlobalSection(SolutionConfigurationPlatforms) = preSolution
		Debug|Any CPU = Debug|Any CPU
		Release|Any CPU = Release|Any CPU
	EndGlobalSection
	GlobalSection(ProjectConfigurationPlatforms) = postSolution
		{5679510C-22D4-482A-AB6F-1F23DCBB7762}.Debug|Any CPU.ActiveCfg = Debug|Any CPU
		{5679510C-22D4-482A-AB6F-1F23DCBB7762}.Debug|Any CPU.Build.0 = Debug|Any CPU
		{5679510C-22D4-482A-AB6F-1F23DCBB7762}.Release|Any CPU.ActiveCfg = Release|Any CPU
		{5679510C-22D4-482A-AB6F-1F23DCBB7762}.Release|Any CPU.Build.0 = Release|Any CPU
	EndGlobalSection
	GlobalSection(SolutionProperties) = preSolution
		HideSolutionNode = FALSE
	EndGlobalSection
	GlobalSection(ExtensibilityGlobals) = postSolution
		SolutionGuid = {576CEEFE-E3C9-417E-A9FF-CE6EA5F82632}
	EndGlobalSection
EndGlobal
